
Microsoft Visual Studio Solution File, Format Version 12.00
# Visual Studio Version 16
VisualStudioVersion = 16.0.31702.278
MinimumVisualStudioVersion = 10.0.40219.1
Project("{8BC9CEB8-8B4A-11D0-8D11-00A0C91BC942}") = "Rock_paper_scissors", "Rock_paper_scissors\Rock_paper_scissors.vcxproj", "{FAC84045-B6E5-4FBB-8D3A-1B1D7E253C6C}"
EndProject
Project("{8BC9CEB8-8B4A-11D0-8D11-00A0C91BC942}") = "Rock_paper_scissors.Tests", "Rock_paper_scissors.Tests\Rock_paper_scissors.Tests.vcxproj", "{BCB7CD72-0C1D-4A7C-9A81-F2EB2F8843B9}"
EndProject
Global
	GlobalSection(SolutionConfigurationPlatforms) = preSolution
		Debug|x64 = Debug|x64
		Debug|x86 = Debug|x86
		Release|x64 = Release|x64
		Release|x86 = Release|x86
	EndGlobalSection
	GlobalSection(ProjectConfigurationPlatforms) = postSolution
		{FAC84045-B6E5-4FBB-8D3A-1B1D7E253C6C}.Debug|x64.ActiveCfg = Debug|x64
		{FAC84045-B6E5-4FBB-8D3A-1B1D7E253C6C}.Debug|x64.Build.0 = Debug|x64
		{FAC84045-B6E5-4FBB-8D3A-1B1D7E253C6C}.Debug|x86.ActiveCfg = Debug|Win32
		{FAC84045-B6E5-4FBB-8D3A-1B1D7E253C6C}.Debug|x86.Build.0 = Debug|Win32
		{FAC84045-B6E5-4FBB-8D3A-1B1D7E253C6C}.Release|x64.ActiveCfg = Release|x64
		{FAC84045-B6E5-4FBB-8D3A-1B1D7E253C6C}.Release|x64.Build.0 = Release|x64
		{FAC84045-B6E5-4FBB-8D3A-1B1D7E253C6C}.Release|x86.ActiveCfg = Release|Win32
		{FAC84045-B6E5-4FBB-8D3A-1B1D7E253C6C}.Release|x86.Build.0 = Release|Win32
		{BCB7CD72-0C1D-4A7C-9A81-F2EB2F8843B9}.Debug|x64.ActiveCfg = Debug|x64
		{BCB7CD72-0C1D-4A7C-9A81-F2EB2F8843B9}.Debug|x64.Build.0 = Debug|x64
		{BCB7CD72-0C1D-4A7C-9A81-F2EB2F8843B9}.Debug|x86.ActiveCfg = Debug|Win32
		{BCB7CD72-0C1D-4A7C-9A81-F2EB2F8843B9}.Debug|x86.Build.0 = Debug|Win32
		{BCB7CD72-0C1D-4A7C-9A81-F2EB2F8843B9}.Release|x64.ActiveCfg = Release|x64
		{BCB7CD72-0C1D-4A7C-9A81-F2EB2F8843B9}.Release|x64.Build.0 = Release|x64
		{BCB7CD72-0C1D-4A7C-9A81-F2EB2F8843B9}.Release|x86.ActiveCfg = Release|Win32
		{BCB7CD72-0C1D-4A7C-9A81-F2EB2F8843B9}.Release|x86.Build.0 = Release|Win32
	EndGlobalSection
	GlobalSection(SolutionProperties) = preSolution
		HideSolutionNode = FALSE
	EndGlobalSection
	GlobalSection(ExtensibilityGlobals) = postSolution
		SolutionGuid = {D0014FBF-5E69-4712-84C5-01C1BF529C6F}
	EndGlobalSection
EndGlobal
